
Microsoft Visual Studio Solution File, Format Version 12.00
# Visual Studio Version 16
VisualStudioVersion = 16.0.30523.141
MinimumVisualStudioVersion = 10.0.40219.1
Project("{FAE04EC0-301F-11D3-BF4B-00C04F79EFBC}") = "5204_LearnCodeApp", "5204_LearnCodeApp\5204_LearnCodeApp.csproj", "{8F1FEFC8-98F8-4FA2-B325-89E6B3D859FB}"
EndProject
Global
	GlobalSection(SolutionConfigurationPlatforms) = preSolution
		Debug|Any CPU = Debug|Any CPU
		Release|Any CPU = Release|Any CPU
	EndGlobalSection
	GlobalSection(ProjectConfigurationPlatforms) = postSolution
		{8F1FEFC8-98F8-4FA2-B325-89E6B3D859FB}.Debug|Any CPU.ActiveCfg = Debug|Any CPU
		{8F1FEFC8-98F8-4FA2-B325-89E6B3D859FB}.Debug|Any CPU.Build.0 = Debug|Any CPU
		{8F1FEFC8-98F8-4FA2-B325-89E6B3D859FB}.Release|Any CPU.ActiveCfg = Release|Any CPU
		{8F1FEFC8-98F8-4FA2-B325-89E6B3D859FB}.Release|Any CPU.Build.0 = Release|Any CPU
	EndGlobalSection
	GlobalSection(SolutionProperties) = preSolution
		HideSolutionNode = FALSE
	EndGlobalSection
	GlobalSection(ExtensibilityGlobals) = postSolution
		SolutionGuid = {2E0769E7-7B3C-4D51-B16B-F900C650EC3D}
	EndGlobalSection
EndGlobal
